{
    "_meta": {
        "hash": {
            "sha256": "053c16112b038939ff3334a6bb46413dc61aa96ecb89779aa053c05226f0df87"
        },
        "host-environment-markers": {
            "implementation_name": "cpython",
            "implementation_version": "3.6.0",
            "os_name": "posix",
            "platform_machine": "x86_64",
            "platform_python_implementation": "CPython",
            "platform_release": "16.7.0",
            "platform_system": "Darwin",
            "platform_version": "Darwin Kernel Version 16.7.0: Thu Jun 15 17:36:27 PDT 2017; root:xnu-3789.70.16~2/RELEASE_X86_64",
            "python_full_version": "3.6.0",
            "python_version": "3.6",
            "sys_platform": "darwin"
        },
        "pipfile-spec": 6,
        "requires": {},
        "sources": [
            {
                "name": "pypi",
                "url": "https://pypi.python.org/simple",
                "verify_ssl": true
            }
        ]
    },
    "default": {
        "click": {
            "hashes": [
                "sha256:29f99fc6125fbc931b758dc053b3114e55c77a6e4c6c3a2674a2dc986016381d",
                "sha256:f15516df478d5a56180fbf80e68f206010e6d160fc39fa508b65e035fd75130b"
            ],
            "version": "==6.7"
        },
        "click-default-group": {
            "hashes": [
                "sha256:ba8c43d9c384e1ea7127484c5fc8f4e1ca759519a64fff10718d53f4b82c412a"
            ],
            "version": "==1.2"
        },
        "dateparser": {
            "hashes": [
                "sha256:e2629d2f8361722c6047138ca085256c9f2cf5cc657fd66122aa0564afa4dc33",
                "sha256:f8c24317120b06f71691d28076764ec084a132be2a250a78fdf54f6b427cac95"
            ],
            "version": "==0.6.0"
        },
        "humanize": {
            "hashes": [
                "sha256:a43f57115831ac7c70de098e6ac46ac13be00d69abbf60bdcac251344785bb19"
            ],
            "version": "==0.5.1"
        },
        "maya": {
            "hashes": [
                "sha256:b22d22837f921b8cbe884b6a288d9f795c58d9d9165e4a9ff80df102914e2e49",
                "sha256:bad39d8f9c6e2c8f446a2187eafbc2128aa20397787be1e4697bb29b239908f5"
            ],
            "version": "==0.3.3"
        },
        "pendulum": {
            "hashes": [
                "sha256:44ed222f2bcbbda64a4a9f7503bfbb7c539420f0a163a007c92cea9878d60dea",
                "sha256:44361188a07f76a26dc1ea41fb20746723db17951d525617ae0db4a256d3ca32",
                "sha256:6eefa306dd3c9bf3ec6058fb7042877d0d7a12343925b67b62e6259a2541b899",
                "sha256:e2cad79f49134d743024f9d59b71224117d2712350cf601c6e93c8be84a1c82b",
                "sha256:aebffa08eefa3a4b9872dc1be87d5801a30604cde8dd7e25c9ec70ad2328e188",
                "sha256:0bdeba610b66c4674764efa090088ce9a8bae780d8600e22ec55c4a4d01c01b5",
                "sha256:beffaba5b2f5d22b1384062e4c4b0d6f710da225c8f43c1f03734c5e9d3bdfbb",
                "sha256:9284b53fd013dc4357644009b8d055a32c8bbbdf20fb95bc338d70089b6ed0c8"
            ],
            "version": "==1.3.2"
        },
        "python-dateutil": {
            "hashes": [
                "sha256:95511bae634d69bc7329ba55e646499a842bc4ec342ad54a8cdb65645a0aad3c",
                "sha256:891c38b2a02f5bb1be3e4793866c8df49c7d19baabf9c1bad62547e0b4866aca"
            ],
            "version": "==2.6.1"
        },
        "pytz": {
            "hashes": [
                "sha256:80af0f3008046b9975242012a985f04c5df1f01eed4ec1633d56cc47a75a6a48",
                "sha256:feb2365914948b8620347784b6b6da356f31c9d03560259070b2f30cff3d469d",
                "sha256:59707844a9825589878236ff2f4e0dc9958511b7ffaae94dc615da07d4a68d33",
                "sha256:d0ef5ef55ed3d37854320d4926b04a4cb42a2e88f71da9ddfdacfde8e364f027",
                "sha256:c41c62827ce9cafacd6f2f7018e4f83a6f1986e87bfd000b8cfbd4ab5da95f1a",
                "sha256:8cc90340159b5d7ced6f2ba77694d946fc975b09f1a51d93f3ce3bb399396f94",
                "sha256:dd2e4ca6ce3785c8dd342d1853dd9052b19290d5bf66060846e5dc6b8d6667f7",
                "sha256:699d18a2a56f19ee5698ab1123bbcc1d269d061996aeb1eda6d89248d3542b82",
                "sha256:fae4cffc040921b8a2d60c6cf0b5d662c1190fe54d718271db4eb17d44a185b7"
            ],
            "version": "==2017.3"
        },
        "pytzdata": {
            "hashes": [
                "sha256:cd5b72400a7378b3b45eef5929cbe97ed44c3368685c35c477e316ebaa7e1809",
                "sha256:e87376f2ee7cb89af5ddea5ed07ce3e98a55f891d07ae87d8c49e99f069423f2"
            ],
            "version": "==2017.3.1"
        },
        "regex": {
            "hashes": [
                "sha256:87bd6d8b8cd7b8cf6d1a197289a71ca94f6822e82c365fe5fc6ed6be8eedb444",
                "sha256:7b52942613201a6360163d16f8d0c2d933f5ebc5c99081778f20da8fa82969d8",
                "sha256:91af45146e33beb5b3f3c7780d12b46a26c840b762d9f3575b4a97ba9948ad66",
                "sha256:a81567f88a2bf28de44e2a525bebb2088894734bcc42cdd66c3749e086a2bb56",
                "sha256:eaf5fe26482b7ac725af9dc74c711a7303a46b15c9953b22ed7132da48172dde",
                "sha256:b813ad96647ace4b30a8b5afaccf12d7d7ead8a01685d2aa3d90c24ed793228b",
                "sha256:d09999c744046b4935fa87296e0c713b6129d3a689e008f4ce3deab9bde37027",
                "sha256:d03b7ae00708fe05f66d57b3e9f0f375477a3e0828657c745a56905be8873df5",
                "sha256:b0e3b3df11df39bbdc6a81bbafa6d1fa6a2d3c516bad626dea5c2a47a495f5d2",
                "sha256:cb9f16f3ac8347ee6897cd130c0a2806d6018e2c952db7d536baaac5db048da9",
                "sha256:746f9edda5810693f64d21ab1eca06ef83edae35c58b5bf88a47d8033ad46005",
                "sha256:9fe00437e12cb533341c6b30c1894b2a7e209c227f8ac6e6c93414ba145ea916",
                "sha256:fe228be0cc496e907d72fad9406ffac738ffb241590d8099871b52fc9ab8d23a",
                "sha256:89ca47786df9e41e43541821715f6a208a656a8a3a5bc171a8dd1359ee806579",
                "sha256:ee069308c2757e565cc2b6f417ba5288e76cfe4c1764b6826063f4fbd53219d7"
            ],
            "version": "==2017.12.12"
        },
        "requests": {
            "hashes": [
                "sha256:20f976cdce02a42b69ce80e9e03897a51814b36d448b37288546086ebc473146",
                "sha256:398a3db6d61899d25fd4a06c6ca12051b0ce171d705decd7ed5511517b4bb93d"
            ],
            "version": "==2.7.0"
        },
        "ruamel.yaml": {
            "hashes": [
                "sha256:14d161558e3bf89e87d77c218098be22fa9a0d6d0bea40250fce525b1d0cbee2",
                "sha256:fcfc24a21594c071cc4588e84b7657a1f47ebcf6037c6c43fa15c4bbd3989ec2",
                "sha256:02babffd019911841ba01b76e23dfec7c9e9b2725503fb2698c4982fa1a6e835",
                "sha256:c0908896e34b617ead40552cab03c1769bdc43d1da02419160dc900c5dfddde2",
                "sha256:01e30ecb1b1c0ebf9fce814dc20dace402571517277799291202b61b22096c24",
                "sha256:b6c5d5f03ba78e3f27c7188a00c4e09b6a4507fe3154ba40a294e09cb30ee016",
                "sha256:9225c83952d28f302cfc23c3d9a6f8231bfd581476d7aff1e3c7de49eecb4ee9",
                "sha256:c41e04b526d0153c9246cfab87d7ddefdc9f165cb8886a8ec48ba7a2b73069f6",
                "sha256:6d05c5a5baf829c70916c226ef3200650846a7227de226bca8a59efaf88bb973",
                "sha256:e3bbfe0d294e08fdbb0cb05485435a2ceb4e168e98b5dc611f051c1864986b4b",
                "sha256:68c8f2986bcb91b6db1aea8698941769840c7257e951a9377048f7eff35be773",
                "sha256:072f6364a89972e8dc0afdce3335a709d5464dfeaa4f736d092a54574338b874",
                "sha256:5504398fc755a2b14c9983b2101161a8591a4b30812590cc1c365e7fcc117dfa",
                "sha256:e2d2715bf92156bec5fb42e92e95dac1c4d9904f8a3d4e2d0c438758fe9092d7",
                "sha256:6d7929b24e329d662fa43b657fddfee5260e2d35d0a543065cd755d4e17a9b2f",
                "sha256:f2d02a4af5a13b09d0b823cdd0317b54f3e0115e50b5ac4d9840c3a1b566817f",
                "sha256:8dc74821e4bb6b21fb1ab35964e159391d99ee44981d07d57bf96e2395f3ef75"
            ],
            "version": "==0.15.35"
        },
        "six": {
            "hashes": [
                "sha256:832dc0e10feb1aa2c68dcc57dbb658f1c7e65b9b61af69048abc87a2db00a0eb",
                "sha256:70e8a77beed4562e7f14fe23a786b54f6296e34344c23bc42f07b15018ff98e9"
            ],
            "version": "==1.11.0"
        },
        "togglwrapper": {
            "hashes": [
                "sha256:a9c9e09b6a7587c42ffbade9ca87503cdd6f286e43b6c8bf23b80db4878e9412",
                "sha256:df72f15e9f041b1fe350304a4b100ca4a39b4589d52c1d85c96920b03a5c91db"
            ],
            "version": "==1.0.1"
        },
        "tzlocal": {
            "hashes": [
                "sha256:4ebeb848845ac898da6519b9b31879cf13b6626f7184c496037b818e238f2c4e"
            ],
            "version": "==1.5.1"
        },
        "wheel": {
            "hashes": [
                "sha256:53a8b47d3db4ded8db41a1e9bbb77a1625074e7a4879bd0ebf97d6cb01576383",
                "sha256:ef832abfedea7ed86b6eae7400128f88053a1da81a37c00613b1279544d585aa"
            ],
            "version": "==0.24.0"
        }
    },
    "develop": {}
}
